
Microsoft Visual Studio Solution File, Format Version 12.00
# Visual Studio Version 16
VisualStudioVersion = 16.0.31515.178
MinimumVisualStudioVersion = 10.0.40219.1
Project("{2150E333-8FDC-42A3-9474-1A3956D46DE8}") = "0-Apresentacao", "0-Apresentacao", "{2F949870-8D57-4885-8723-FD3E4A1DEBBE}"
EndProject
Project("{9A19103F-16F7-4668-BE54-9A1E7A4F7556}") = "AR.Apresentacao", "AR.Apresentacao\AR.Apresentacao.csproj", "{E52B3DEC-72C9-4370-BA1E-F61DCFE88F1D}"
EndProject
Project("{2150E333-8FDC-42A3-9474-1A3956D46DE8}") = "1-Domain", "1-Domain", "{3FF17D71-5E04-430E-B0D1-9CDDB6222709}"
EndProject
Project("{9A19103F-16F7-4668-BE54-9A1E7A4F7556}") = "AR.Domain", "AR.Domain\AR.Domain.csproj", "{36AC151E-9CF4-4F72-A840-058F3ECD64EA}"
EndProject
Project("{2150E333-8FDC-42A3-9474-1A3956D46DE8}") = "2-Data", "2-Data", "{1BB3A26A-C793-4F7D-B721-58E8671FAA25}"
EndProject
Project("{9A19103F-16F7-4668-BE54-9A1E7A4F7556}") = "AR.Data", "AR.Data\AR.Data.csproj", "{35A1D4DB-D355-44BF-8403-31C2014C2AC5}"
EndProject
Global
	GlobalSection(SolutionConfigurationPlatforms) = preSolution
		Debug|Any CPU = Debug|Any CPU
		Release|Any CPU = Release|Any CPU
	EndGlobalSection
	GlobalSection(ProjectConfigurationPlatforms) = postSolution
		{E52B3DEC-72C9-4370-BA1E-F61DCFE88F1D}.Debug|Any CPU.ActiveCfg = Debug|Any CPU
		{E52B3DEC-72C9-4370-BA1E-F61DCFE88F1D}.Debug|Any CPU.Build.0 = Debug|Any CPU
		{E52B3DEC-72C9-4370-BA1E-F61DCFE88F1D}.Release|Any CPU.ActiveCfg = Release|Any CPU
		{E52B3DEC-72C9-4370-BA1E-F61DCFE88F1D}.Release|Any CPU.Build.0 = Release|Any CPU
		{36AC151E-9CF4-4F72-A840-058F3ECD64EA}.Debug|Any CPU.ActiveCfg = Debug|Any CPU
		{36AC151E-9CF4-4F72-A840-058F3ECD64EA}.Debug|Any CPU.Build.0 = Debug|Any CPU
		{36AC151E-9CF4-4F72-A840-058F3ECD64EA}.Release|Any CPU.ActiveCfg = Release|Any CPU
		{36AC151E-9CF4-4F72-A840-058F3ECD64EA}.Release|Any CPU.Build.0 = Release|Any CPU
		{35A1D4DB-D355-44BF-8403-31C2014C2AC5}.Debug|Any CPU.ActiveCfg = Debug|Any CPU
		{35A1D4DB-D355-44BF-8403-31C2014C2AC5}.Debug|Any CPU.Build.0 = Debug|Any CPU
		{35A1D4DB-D355-44BF-8403-31C2014C2AC5}.Release|Any CPU.ActiveCfg = Release|Any CPU
		{35A1D4DB-D355-44BF-8403-31C2014C2AC5}.Release|Any CPU.Build.0 = Release|Any CPU
	EndGlobalSection
	GlobalSection(SolutionProperties) = preSolution
		HideSolutionNode = FALSE
	EndGlobalSection
	GlobalSection(NestedProjects) = preSolution
		{E52B3DEC-72C9-4370-BA1E-F61DCFE88F1D} = {2F949870-8D57-4885-8723-FD3E4A1DEBBE}
		{36AC151E-9CF4-4F72-A840-058F3ECD64EA} = {3FF17D71-5E04-430E-B0D1-9CDDB6222709}
		{35A1D4DB-D355-44BF-8403-31C2014C2AC5} = {1BB3A26A-C793-4F7D-B721-58E8671FAA25}
	EndGlobalSection
	GlobalSection(ExtensibilityGlobals) = postSolution
		SolutionGuid = {91045938-1B82-4697-B7BC-8ADE548EAAE7}
	EndGlobalSection
EndGlobal
